
Microsoft Visual Studio Solution File, Format Version 12.00
# Visual Studio Version 17
VisualStudioVersion = 17.5.33516.290
MinimumVisualStudioVersion = 10.0.40219.1
Project("{9A19103F-16F7-4668-BE54-9A1E7A4F7556}") = "InterfaceUsuario", "WindowsFormsApp\InterfaceUsuario.csproj", "{B94CA26D-BAB1-447E-B05D-B4AB42BF030A}"
EndProject
Project("{9A19103F-16F7-4668-BE54-9A1E7A4F7556}") = "Infra", "Infra\Infra.csproj", "{ECD5E0F3-4FED-44F5-BF3E-BBC362BE61F9}"
EndProject
Project("{9A19103F-16F7-4668-BE54-9A1E7A4F7556}") = "Dominio", "Dominio\Dominio.csproj", "{ABEE3374-33E8-4208-8D37-BAC9A577A605}"
EndProject
Project("{FAE04EC0-301F-11D3-BF4B-00C04F79EFBC}") = "AplicacaoWeb", "AplicacaoWeb\AplicacaoWeb.csproj", "{10A8BC8B-5B8D-4B5C-9EFF-16AF3F279324}"
EndProject
Global
	GlobalSection(SolutionConfigurationPlatforms) = preSolution
		Debug|Any CPU = Debug|Any CPU
		Release|Any CPU = Release|Any CPU
	EndGlobalSection
	GlobalSection(ProjectConfigurationPlatforms) = postSolution
		{B94CA26D-BAB1-447E-B05D-B4AB42BF030A}.Debug|Any CPU.ActiveCfg = Debug|Any CPU
		{B94CA26D-BAB1-447E-B05D-B4AB42BF030A}.Debug|Any CPU.Build.0 = Debug|Any CPU
		{B94CA26D-BAB1-447E-B05D-B4AB42BF030A}.Release|Any CPU.ActiveCfg = Release|Any CPU
		{B94CA26D-BAB1-447E-B05D-B4AB42BF030A}.Release|Any CPU.Build.0 = Release|Any CPU
		{ECD5E0F3-4FED-44F5-BF3E-BBC362BE61F9}.Debug|Any CPU.ActiveCfg = Debug|Any CPU
		{ECD5E0F3-4FED-44F5-BF3E-BBC362BE61F9}.Debug|Any CPU.Build.0 = Debug|Any CPU
		{ECD5E0F3-4FED-44F5-BF3E-BBC362BE61F9}.Release|Any CPU.ActiveCfg = Release|Any CPU
		{ECD5E0F3-4FED-44F5-BF3E-BBC362BE61F9}.Release|Any CPU.Build.0 = Release|Any CPU
		{ABEE3374-33E8-4208-8D37-BAC9A577A605}.Debug|Any CPU.ActiveCfg = Debug|Any CPU
		{ABEE3374-33E8-4208-8D37-BAC9A577A605}.Debug|Any CPU.Build.0 = Debug|Any CPU
		{ABEE3374-33E8-4208-8D37-BAC9A577A605}.Release|Any CPU.ActiveCfg = Release|Any CPU
		{ABEE3374-33E8-4208-8D37-BAC9A577A605}.Release|Any CPU.Build.0 = Release|Any CPU
		{10A8BC8B-5B8D-4B5C-9EFF-16AF3F279324}.Debug|Any CPU.ActiveCfg = Debug|Any CPU
		{10A8BC8B-5B8D-4B5C-9EFF-16AF3F279324}.Debug|Any CPU.Build.0 = Debug|Any CPU
		{10A8BC8B-5B8D-4B5C-9EFF-16AF3F279324}.Release|Any CPU.ActiveCfg = Release|Any CPU
		{10A8BC8B-5B8D-4B5C-9EFF-16AF3F279324}.Release|Any CPU.Build.0 = Release|Any CPU
	EndGlobalSection
	GlobalSection(SolutionProperties) = preSolution
		HideSolutionNode = FALSE
	EndGlobalSection
	GlobalSection(ExtensibilityGlobals) = postSolution
		SolutionGuid = {A9EBE5D3-647D-475E-BADB-93C418B9F706}
	EndGlobalSection
EndGlobal
